// !$*UTF8*$!
{
	archiveVersion = 1;
	classes = {
	};
	objectVersion = 46;
	objects = {

/* Begin PBXBuildFile section */
		3A026E601A8B427300CD0DD4 /* main.m in Sources */ = {isa = PBXBuildFile; fileRef = 3A026E5F1A8B427300CD0DD4 /* main.m */; };
		3A026E631A8B427300CD0DD4 /* AppDelegate.m in Sources */ = {isa = PBXBuildFile; fileRef = 3A026E621A8B427300CD0DD4 /* AppDelegate.m */; };
		3A026E6E1A8B427300CD0DD4 /* Images.xcassets in Resources */ = {isa = PBXBuildFile; fileRef = 3A026E6D1A8B427300CD0DD4 /* Images.xcassets */; };
		3A026E711A8B427300CD0DD4 /* LaunchScreen.xib in Resources */ = {isa = PBXBuildFile; fileRef = 3A026E6F1A8B427300CD0DD4 /* LaunchScreen.xib */; };
		3A026E7D1A8B427300CD0DD4 /* encadAppTests.m in Sources */ = {isa = PBXBuildFile; fileRef = 3A026E7C1A8B427300CD0DD4 /* encadAppTests.m */; };
		3A026E961A8B493D00CD0DD4 /* Model.xcdatamodeld in Sources */ = {isa = PBXBuildFile; fileRef = 3A026E941A8B493D00CD0DD4 /* Model.xcdatamodeld */; };
		3A026E9B1A8B4D5C00CD0DD4 /* HomeScreenTable.m in Sources */ = {isa = PBXBuildFile; fileRef = 3A026E9A1A8B4D5C00CD0DD4 /* HomeScreenTable.m */; };
		3A026EA51A8B666700CD0DD4 /* HomeScreenTableViewCell.m in Sources */ = {isa = PBXBuildFile; fileRef = 3A026EA41A8B666700CD0DD4 /* HomeScreenTableViewCell.m */; };
		3A026EAD1A8B836200CD0DD4 /* audit_bird.png in Resources */ = {isa = PBXBuildFile; fileRef = 3A026EAC1A8B836200CD0DD4 /* audit_bird.png */; };
		3A026EAF1A8B8EE300CD0DD4 /* event_bird.png in Resources */ = {isa = PBXBuildFile; fileRef = 3A026EAE1A8B8EE300CD0DD4 /* event_bird.png */; };
		3A026EB11A8B92CF00CD0DD4 /* support_bird.png in Resources */ = {isa = PBXBuildFile; fileRef = 3A026EB01A8B92CF00CD0DD4 /* support_bird.png */; };
		3A026EB51A8B961400CD0DD4 /* aboutus_bird.png in Resources */ = {isa = PBXBuildFile; fileRef = 3A026EB41A8B961400CD0DD4 /* aboutus_bird.png */; };
		3A026EB91A8B979400CD0DD4 /* gps_bird.png in Resources */ = {isa = PBXBuildFile; fileRef = 3A026EB81A8B979400CD0DD4 /* gps_bird.png */; };
		3A026EBB1A8B9A4000CD0DD4 /* impressum_bird.png in Resources */ = {isa = PBXBuildFile; fileRef = 3A026EBA1A8B9A4000CD0DD4 /* impressum_bird.png */; };
		3A2C23131A94956900522EB5 /* EventTableController.m in Sources */ = {isa = PBXBuildFile; fileRef = 3A2C23121A94956900522EB5 /* EventTableController.m */; };
		3A2C23161A949DC400522EB5 /* EventTableViewCell.m in Sources */ = {isa = PBXBuildFile; fileRef = 3A2C23151A949DC400522EB5 /* EventTableViewCell.m */; };
		3A2C23191A94BD1600522EB5 /* PDFController.m in Sources */ = {isa = PBXBuildFile; fileRef = 3A2C23181A94BD1600522EB5 /* PDFController.m */; };
		3A2C231C1A94CB5000522EB5 /* EventSignInController.m in Sources */ = {isa = PBXBuildFile; fileRef = 3A2C231B1A94CB5000522EB5 /* EventSignInController.m */; };
		3A2E22411A8CCEA300E1AB2A /* AuditionTaskSelectorTable.m in Sources */ = {isa = PBXBuildFile; fileRef = 3A2E22401A8CCEA300E1AB2A /* AuditionTaskSelectorTable.m */; };
		3A2E22441A8CCEEF00E1AB2A /* AudtionTaskTableViewCell.m in Sources */ = {isa = PBXBuildFile; fileRef = 3A2E22431A8CCEEF00E1AB2A /* AudtionTaskTableViewCell.m */; };
		3A2E22501A8CDEDA00E1AB2A /* background_blue.png in Resources */ = {isa = PBXBuildFile; fileRef = 3A2E224F1A8CDEDA00E1AB2A /* background_blue.png */; };
		3A2E22521A8CE42200E1AB2A /* background_blue_grid.png in Resources */ = {isa = PBXBuildFile; fileRef = 3A2E22511A8CE42200E1AB2A /* background_blue_grid.png */; };
		3A2E22581A8CE69300E1AB2A /* engineering.png in Resources */ = {isa = PBXBuildFile; fileRef = 3A2E22571A8CE69300E1AB2A /* engineering.png */; };
		3A2E225A1A8CE72D00E1AB2A /* engine.png in Resources */ = {isa = PBXBuildFile; fileRef = 3A2E22591A8CE72D00E1AB2A /* engine.png */; };
		3A2E225C1A8CEBA100E1AB2A /* catia_screen.png in Resources */ = {isa = PBXBuildFile; fileRef = 3A2E225B1A8CEBA100E1AB2A /* catia_screen.png */; };
		3A2E225F1A8CEFDC00E1AB2A /* background_blue_alpha.png in Resources */ = {isa = PBXBuildFile; fileRef = 3A2E225D1A8CEFDC00E1AB2A /* background_blue_alpha.png */; };
		3A2E22601A8CEFDC00E1AB2A /* background_blue_stripes.png in Resources */ = {isa = PBXBuildFile; fileRef = 3A2E225E1A8CEFDC00E1AB2A /* background_blue_stripes.png */; };
		3A2E22641A8CF1E400E1AB2A /* model_bike.png in Resources */ = {isa = PBXBuildFile; fileRef = 3A2E22631A8CF1E400E1AB2A /* model_bike.png */; };
		3A2E22661A8CF23100E1AB2A /* datasheet.png in Resources */ = {isa = PBXBuildFile; fileRef = 3A2E22651A8CF23100E1AB2A /* datasheet.png */; };
		3A2E226C1A8CF30A00E1AB2A /* AuditionDateTableViewCell.m in Sources */ = {isa = PBXBuildFile; fileRef = 3A2E226B1A8CF30A00E1AB2A /* AuditionDateTableViewCell.m */; };
		3A2E228D1A8D0BC100E1AB2A /* Schulungstermin.m in Sources */ = {isa = PBXBuildFile; fileRef = 3A2E228C1A8D0BC100E1AB2A /* Schulungstermin.m */; };
		3A2E22901A8D0BC200E1AB2A /* Schulung.m in Sources */ = {isa = PBXBuildFile; fileRef = 3A2E228F1A8D0BC200E1AB2A /* Schulung.m */; };
		3A2E22961A8D0BC200E1AB2A /* Veranstaltung.m in Sources */ = {isa = PBXBuildFile; fileRef = 3A2E22951A8D0BC200E1AB2A /* Veranstaltung.m */; };
		3A30DF2E1A977150000852CC /* WebinarTableController.m in Sources */ = {isa = PBXBuildFile; fileRef = 3A30DF2D1A977150000852CC /* WebinarTableController.m */; };
		3A30DF311A97716C000852CC /* WebinarTableViewCell.m in Sources */ = {isa = PBXBuildFile; fileRef = 3A30DF301A97716C000852CC /* WebinarTableViewCell.m */; };
		3A3729361A948B0E00BAE19E /* EventTaskSelectorTableViewCell.m in Sources */ = {isa = PBXBuildFile; fileRef = 3A3729351A948B0E00BAE19E /* EventTaskSelectorTableViewCell.m */; };
		3A42B90A1A9DBF0800A47E4D /* bird.png in Resources */ = {isa = PBXBuildFile; fileRef = 3A42B9091A9DBF0800A47E4D /* bird.png */; };
		3A42B90C1A9DC78200A47E4D /* home.png in Resources */ = {isa = PBXBuildFile; fileRef = 3A42B90B1A9DC78200A47E4D /* home.png */; };
		3A42B90E1A9E07EC00A47E4D /* Menu-32.png in Resources */ = {isa = PBXBuildFile; fileRef = 3A42B90D1A9E07EC00A47E4D /* Menu-32.png */; };
		3A42B9101A9E086A00A47E4D /* Home-32.png in Resources */ = {isa = PBXBuildFile; fileRef = 3A42B90F1A9E086A00A47E4D /* Home-32.png */; };
		3A42B9121A9E0B2800A47E4D /* Sign Up-32.png in Resources */ = {isa = PBXBuildFile; fileRef = 3A42B9111A9E0B2800A47E4D /* Sign Up-32.png */; };
		3A42B9131A9E127A00A47E4D /* CoreLocation.framework in Frameworks */ = {isa = PBXBuildFile; fileRef = 3A9B1CE81A9C6B4F003577C6 /* CoreLocation.framework */; };
		3A42B9151A9E128600A47E4D /* CoreData.framework in Frameworks */ = {isa = PBXBuildFile; fileRef = 3A42B9141A9E128600A47E4D /* CoreData.framework */; };
		3A42B9171A9E129D00A47E4D /* QuartzCore.framework in Frameworks */ = {isa = PBXBuildFile; fileRef = 3A42B9161A9E129D00A47E4D /* QuartzCore.framework */; };
		3A4E0CCF1A97880A007A1776 /* UniversalWebViewController.m in Sources */ = {isa = PBXBuildFile; fileRef = 3A4E0CCE1A97880A007A1776 /* UniversalWebViewController.m */; };
		3A63B93F1A95FD3A00DEC141 /* MapKit.framework in Frameworks */ = {isa = PBXBuildFile; fileRef = 3A63B93E1A95FD3A00DEC141 /* MapKit.framework */; };
		3A77BBA51A9B635A00FC8CB6 /* AboutUsController.m in Sources */ = {isa = PBXBuildFile; fileRef = 3A77BBA41A9B635A00FC8CB6 /* AboutUsController.m */; };
		3A77BBA91A9B6F2B00FC8CB6 /* ImpressumController.m in Sources */ = {isa = PBXBuildFile; fileRef = 3A77BBA81A9B6F2B00FC8CB6 /* ImpressumController.m */; };
		3A77BBAD1A9B710A00FC8CB6 /* NavigationController.m in Sources */ = {isa = PBXBuildFile; fileRef = 3A77BBAC1A9B710A00FC8CB6 /* NavigationController.m */; };
		3A7E45DC1A932E88001D9C39 /* AuditionSignInController.m in Sources */ = {isa = PBXBuildFile; fileRef = 3A7E45DB1A932E88001D9C39 /* AuditionSignInController.m */; };
		3A7E45E91A938869001D9C39 /* catia_screen_bird.png in Resources */ = {isa = PBXBuildFile; fileRef = 3A7E45E71A938869001D9C39 /* catia_screen_bird.png */; };
		3A7E45EA1A938869001D9C39 /* datasheet_bird.png in Resources */ = {isa = PBXBuildFile; fileRef = 3A7E45E81A938869001D9C39 /* datasheet_bird.png */; };
		3A7E45EC1A938A95001D9C39 /* background_audition_bird.png in Resources */ = {isa = PBXBuildFile; fileRef = 3A7E45EB1A938A95001D9C39 /* background_audition_bird.png */; };
		3A9B1CF41A9C7464003577C6 /* encadApp.storyboard in Resources */ = {isa = PBXBuildFile; fileRef = 3A9B1CF21A9C7464003577C6 /* encadApp.storyboard */; };
		3A9B1CFB1A9C790E003577C6 /* RouteTableViewCell.m in Sources */ = {isa = PBXBuildFile; fileRef = 3A9B1CFA1A9C790E003577C6 /* RouteTableViewCell.m */; };
		3A9B1CFD1A9C7D78003577C6 /* maps-icon.png in Resources */ = {isa = PBXBuildFile; fileRef = 3A9B1CFC1A9C7D78003577C6 /* maps-icon.png */; };
		3A9B1D001A9C7DCA003577C6 /* RouteController.m in Sources */ = {isa = PBXBuildFile; fileRef = 3A9B1CFF1A9C7DCA003577C6 /* RouteController.m */; };
		3A9B1D071A9CA59C003577C6 /* layers_mid.png in Resources */ = {isa = PBXBuildFile; fileRef = 3A9B1D041A9CA59C003577C6 /* layers_mid.png */; };
		3A9B1D0B1A9CB484003577C6 /* layers_top.png in Resources */ = {isa = PBXBuildFile; fileRef = 3A9B1D0A1A9CB484003577C6 /* layers_top.png */; };
		3A9B1D0D1A9CB4A1003577C6 /* layers_bot.png in Resources */ = {isa = PBXBuildFile; fileRef = 3A9B1D0C1A9CB4A1003577C6 /* layers_bot.png */; };
		3A9B1D121A9CBEEC003577C6 /* background_aboutus.png in Resources */ = {isa = PBXBuildFile; fileRef = 3A9B1D0E1A9CBEEC003577C6 /* background_aboutus.png */; };
		3A9B1D131A9CBEEC003577C6 /* background_impressum.png in Resources */ = {isa = PBXBuildFile; fileRef = 3A9B1D0F1A9CBEEC003577C6 /* background_impressum.png */; };
		3A9B1D141A9CBEEC003577C6 /* background_navigation.png in Resources */ = {isa = PBXBuildFile; fileRef = 3A9B1D101A9CBEEC003577C6 /* background_navigation.png */; };
		3A9B1D151A9CBEEC003577C6 /* background_support.png in Resources */ = {isa = PBXBuildFile; fileRef = 3A9B1D111A9CBEEC003577C6 /* background_support.png */; };
		3A9B1D181A9CC87F003577C6 /* background_webinar.png in Resources */ = {isa = PBXBuildFile; fileRef = 3A9B1D161A9CC87F003577C6 /* background_webinar.png */; };
		3A9B1D191A9CC87F003577C6 /* webinar_bird.png in Resources */ = {isa = PBXBuildFile; fileRef = 3A9B1D171A9CC87F003577C6 /* webinar_bird.png */; };
		3AB4DF161A8E217900190C95 /* AuditionTableViewCell.m in Sources */ = {isa = PBXBuildFile; fileRef = 3AB4DF151A8E217900190C95 /* AuditionTableViewCell.m */; };
		3AB4DF191A8E21D600190C95 /* AuditionTableController.m in Sources */ = {isa = PBXBuildFile; fileRef = 3AB4DF181A8E21D600190C95 /* AuditionTableController.m */; };
		3ABC6A7C1A9B7B9900EA9EE7 /* location_blue_32.png in Resources */ = {isa = PBXBuildFile; fileRef = 3ABC6A7B1A9B7B9900EA9EE7 /* location_blue_32.png */; };
		3ABC6A801A9B80B200EA9EE7 /* car_32.png in Resources */ = {isa = PBXBuildFile; fileRef = 3ABC6A7F1A9B80B200EA9EE7 /* car_32.png */; };
		3ABC6A841A9B818300EA9EE7 /* bicycle_32.png in Resources */ = {isa = PBXBuildFile; fileRef = 3ABC6A831A9B818300EA9EE7 /* bicycle_32.png */; };
		3ABC6A8A1A9B820A00EA9EE7 /* walking_32.png in Resources */ = {isa = PBXBuildFile; fileRef = 3ABC6A891A9B820A00EA9EE7 /* walking_32.png */; };
		3ABC6A8C1A9B825B00EA9EE7 /* GPS Receiving-32.png in Resources */ = {isa = PBXBuildFile; fileRef = 3ABC6A8B1A9B825B00EA9EE7 /* GPS Receiving-32.png */; };
		3ACE57971A9620FA003E4E20 /* background_event_bird.png in Resources */ = {isa = PBXBuildFile; fileRef = 3ACE57961A9620FA003E4E20 /* background_event_bird.png */; };
		3ACE579A1A962B8C003E4E20 /* Webinar.m in Sources */ = {isa = PBXBuildFile; fileRef = 3ACE57991A962B8C003E4E20 /* Webinar.m */; };
		3AE3E28B1A9B195600477C27 /* HotlineController.m in Sources */ = {isa = PBXBuildFile; fileRef = 3AE3E28A1A9B195600477C27 /* HotlineController.m */; };
		3AF191A51A8E0936002D05B9 /* AuditionDatesController.m in Sources */ = {isa = PBXBuildFile; fileRef = 3AF191A41A8E0936002D05B9 /* AuditionDatesController.m */; };
/* End PBXBuildFile section */

/* Begin PBXContainerItemProxy section */
		3A026E771A8B427300CD0DD4 /* PBXContainerItemProxy */ = {
			isa = PBXContainerItemProxy;
			containerPortal = 3A026E521A8B427300CD0DD4 /* Project object */;
			proxyType = 1;
			remoteGlobalIDString = 3A026E591A8B427300CD0DD4;
			remoteInfo = encadApp;
		};
/* End PBXContainerItemProxy section */

/* Begin PBXFileReference section */
		3A026E5A1A8B427300CD0DD4 /* encadApp.app */ = {isa = PBXFileReference; explicitFileType = wrapper.application; includeInIndex = 0; path = encadApp.app; sourceTree = BUILT_PRODUCTS_DIR; };
		3A026E5E1A8B427300CD0DD4 /* Info.plist */ = {isa = PBXFileReference; lastKnownFileType = text.plist.xml; path = Info.plist; sourceTree = "<group>"; };
		3A026E5F1A8B427300CD0DD4 /* main.m */ = {isa = PBXFileReference; lastKnownFileType = sourcecode.c.objc; path = main.m; sourceTree = "<group>"; };
		3A026E611A8B427300CD0DD4 /* AppDelegate.h */ = {isa = PBXFileReference; lastKnownFileType = sourcecode.c.h; path = AppDelegate.h; sourceTree = "<group>"; };
		3A026E621A8B427300CD0DD4 /* AppDelegate.m */ = {isa = PBXFileReference; lastKnownFileType = sourcecode.c.objc; path = AppDelegate.m; sourceTree = "<group>"; };
		3A026E6D1A8B427300CD0DD4 /* Images.xcassets */ = {isa = PBXFileReference; lastKnownFileType = folder.assetcatalog; path = Images.xcassets; sourceTree = "<group>"; };
		3A026E701A8B427300CD0DD4 /* Base */ = {isa = PBXFileReference; lastKnownFileType = file.xib; name = Base; path = Base.lproj/LaunchScreen.xib; sourceTree = "<group>"; };
		3A026E761A8B427300CD0DD4 /* encadAppTests.xctest */ = {isa = PBXFileReference; explicitFileType = wrapper.cfbundle; includeInIndex = 0; path = encadAppTests.xctest; sourceTree = BUILT_PRODUCTS_DIR; };
		3A026E7B1A8B427300CD0DD4 /* Info.plist */ = {isa = PBXFileReference; lastKnownFileType = text.plist.xml; path = Info.plist; sourceTree = "<group>"; };
		3A026E7C1A8B427300CD0DD4 /* encadAppTests.m */ = {isa = PBXFileReference; lastKnownFileType = sourcecode.c.objc; path = encadAppTests.m; sourceTree = "<group>"; };
		3A026E951A8B493D00CD0DD4 /* Model.xcdatamodel */ = {isa = PBXFileReference; lastKnownFileType = wrapper.xcdatamodel; path = Model.xcdatamodel; sourceTree = "<group>"; };
		3A026E991A8B4D5C00CD0DD4 /* HomeScreenTable.h */ = {isa = PBXFileReference; fileEncoding = 4; lastKnownFileType = sourcecode.c.h; path = HomeScreenTable.h; sourceTree = "<group>"; };
		3A026E9A1A8B4D5C00CD0DD4 /* HomeScreenTable.m */ = {isa = PBXFileReference; fileEncoding = 4; lastKnownFileType = sourcecode.c.objc; path = HomeScreenTable.m; sourceTree = "<group>"; };
		3A026EA31A8B666700CD0DD4 /* HomeScreenTableViewCell.h */ = {isa = PBXFileReference; fileEncoding = 4; lastKnownFileType = sourcecode.c.h; path = HomeScreenTableViewCell.h; sourceTree = "<group>"; };
		3A026EA41A8B666700CD0DD4 /* HomeScreenTableViewCell.m */ = {isa = PBXFileReference; fileEncoding = 4; lastKnownFileType = sourcecode.c.objc; path = HomeScreenTableViewCell.m; sourceTree = "<group>"; };
		3A026EAC1A8B836200CD0DD4 /* audit_bird.png */ = {isa = PBXFileReference; lastKnownFileType = image.png; path = audit_bird.png; sourceTree = "<group>"; };
		3A026EAE1A8B8EE300CD0DD4 /* event_bird.png */ = {isa = PBXFileReference; lastKnownFileType = image.png; path = event_bird.png; sourceTree = "<group>"; };
		3A026EB01A8B92CF00CD0DD4 /* support_bird.png */ = {isa = PBXFileReference; lastKnownFileType = image.png; path = support_bird.png; sourceTree = "<group>"; };
		3A026EB41A8B961400CD0DD4 /* aboutus_bird.png */ = {isa = PBXFileReference; lastKnownFileType = image.png; path = aboutus_bird.png; sourceTree = "<group>"; };
		3A026EB81A8B979400CD0DD4 /* gps_bird.png */ = {isa = PBXFileReference; lastKnownFileType = image.png; path = gps_bird.png; sourceTree = "<group>"; };
		3A026EBA1A8B9A4000CD0DD4 /* impressum_bird.png */ = {isa = PBXFileReference; lastKnownFileType = image.png; path = impressum_bird.png; sourceTree = "<group>"; };
		3A2C23111A94956900522EB5 /* EventTableController.h */ = {isa = PBXFileReference; fileEncoding = 4; lastKnownFileType = sourcecode.c.h; path = EventTableController.h; sourceTree = "<group>"; };
		3A2C23121A94956900522EB5 /* EventTableController.m */ = {isa = PBXFileReference; fileEncoding = 4; lastKnownFileType = sourcecode.c.objc; path = EventTableController.m; sourceTree = "<group>"; };
		3A2C23141A949DC400522EB5 /* EventTableViewCell.h */ = {isa = PBXFileReference; fileEncoding = 4; lastKnownFileType = sourcecode.c.h; path = EventTableViewCell.h; sourceTree = "<group>"; };
		3A2C23151A949DC400522EB5 /* EventTableViewCell.m */ = {isa = PBXFileReference; fileEncoding = 4; lastKnownFileType = sourcecode.c.objc; path = EventTableViewCell.m; sourceTree = "<group>"; };
		3A2C23171A94BD1600522EB5 /* PDFController.h */ = {isa = PBXFileReference; fileEncoding = 4; lastKnownFileType = sourcecode.c.h; path = PDFController.h; sourceTree = "<group>"; };
		3A2C23181A94BD1600522EB5 /* PDFController.m */ = {isa = PBXFileReference; fileEncoding = 4; lastKnownFileType = sourcecode.c.objc; path = PDFController.m; sourceTree = "<group>"; };
		3A2C231A1A94CB5000522EB5 /* EventSignInController.h */ = {isa = PBXFileReference; fileEncoding = 4; lastKnownFileType = sourcecode.c.h; path = EventSignInController.h; sourceTree = "<group>"; };
		3A2C231B1A94CB5000522EB5 /* EventSignInController.m */ = {isa = PBXFileReference; fileEncoding = 4; lastKnownFileType = sourcecode.c.objc; path = EventSignInController.m; sourceTree = "<group>"; };
		3A2E223F1A8CCEA300E1AB2A /* AuditionTaskSelectorTable.h */ = {isa = PBXFileReference; fileEncoding = 4; lastKnownFileType = sourcecode.c.h; path = AuditionTaskSelectorTable.h; sourceTree = "<group>"; };
		3A2E22401A8CCEA300E1AB2A /* AuditionTaskSelectorTable.m */ = {isa = PBXFileReference; fileEncoding = 4; lastKnownFileType = sourcecode.c.objc; path = AuditionTaskSelectorTable.m; sourceTree = "<group>"; };
		3A2E22421A8CCEEF00E1AB2A /* AudtionTaskTableViewCell.h */ = {isa = PBXFileReference; fileEncoding = 4; lastKnownFileType = sourcecode.c.h; path = AudtionTaskTableViewCell.h; sourceTree = "<group>"; };
		3A2E22431A8CCEEF00E1AB2A /* AudtionTaskTableViewCell.m */ = {isa = PBXFileReference; fileEncoding = 4; lastKnownFileType = sourcecode.c.objc; path = AudtionTaskTableViewCell.m; sourceTree = "<group>"; };
		3A2E224F1A8CDEDA00E1AB2A /* background_blue.png */ = {isa = PBXFileReference; lastKnownFileType = image.png; path = background_blue.png; sourceTree = "<group>"; };
		3A2E22511A8CE42200E1AB2A /* background_blue_grid.png */ = {isa = PBXFileReference; lastKnownFileType = image.png; path = background_blue_grid.png; sourceTree = "<group>"; };
		3A2E22571A8CE69300E1AB2A /* engineering.png */ = {isa = PBXFileReference; lastKnownFileType = image.png; path = engineering.png; sourceTree = "<group>"; };
		3A2E22591A8CE72D00E1AB2A /* engine.png */ = {isa = PBXFileReference; lastKnownFileType = image.png; path = engine.png; sourceTree = "<group>"; };
		3A2E225B1A8CEBA100E1AB2A /* catia_screen.png */ = {isa = PBXFileReference; lastKnownFileType = image.png; path = catia_screen.png; sourceTree = "<group>"; };
		3A2E225D1A8CEFDC00E1AB2A /* background_blue_alpha.png */ = {isa = PBXFileReference; lastKnownFileType = image.png; path = background_blue_alpha.png; sourceTree = "<group>"; };
		3A2E225E1A8CEFDC00E1AB2A /* background_blue_stripes.png */ = {isa = PBXFileReference; lastKnownFileType = image.png; path = background_blue_stripes.png; sourceTree = "<group>"; };
		3A2E22631A8CF1E400E1AB2A /* model_bike.png */ = {isa = PBXFileReference; lastKnownFileType = image.png; path = model_bike.png; sourceTree = "<group>"; };
		3A2E22651A8CF23100E1AB2A /* datasheet.png */ = {isa = PBXFileReference; lastKnownFileType = image.png; path = datasheet.png; sourceTree = "<group>"; };
		3A2E226A1A8CF30A00E1AB2A /* AuditionDateTableViewCell.h */ = {isa = PBXFileReference; fileEncoding = 4; lastKnownFileType = sourcecode.c.h; path = AuditionDateTableViewCell.h; sourceTree = "<group>"; };
		3A2E226B1A8CF30A00E1AB2A /* AuditionDateTableViewCell.m */ = {isa = PBXFileReference; fileEncoding = 4; lastKnownFileType = sourcecode.c.objc; path = AuditionDateTableViewCell.m; sourceTree = "<group>"; };
		3A2E228B1A8D0BC100E1AB2A /* Schulungstermin.h */ = {isa = PBXFileReference; fileEncoding = 4; lastKnownFileType = sourcecode.c.h; path = Schulungstermin.h; sourceTree = "<group>"; };
		3A2E228C1A8D0BC100E1AB2A /* Schulungstermin.m */ = {isa = PBXFileReference; fileEncoding = 4; lastKnownFileType = sourcecode.c.objc; path = Schulungstermin.m; sourceTree = "<group>"; };
		3A2E228E1A8D0BC200E1AB2A /* Schulung.h */ = {isa = PBXFileReference; fileEncoding = 4; lastKnownFileType = sourcecode.c.h; path = Schulung.h; sourceTree = "<group>"; };
		3A2E228F1A8D0BC200E1AB2A /* Schulung.m */ = {isa = PBXFileReference; fileEncoding = 4; lastKnownFileType = sourcecode.c.objc; path = Schulung.m; sourceTree = "<group>"; };
		3A2E22941A8D0BC200E1AB2A /* Veranstaltung.h */ = {isa = PBXFileReference; fileEncoding = 4; lastKnownFileType = sourcecode.c.h; path = Veranstaltung.h; sourceTree = "<group>"; };
		3A2E22951A8D0BC200E1AB2A /* Veranstaltung.m */ = {isa = PBXFileReference; fileEncoding = 4; lastKnownFileType = sourcecode.c.objc; path = Veranstaltung.m; sourceTree = "<group>"; };
		3A30DF2C1A977150000852CC /* WebinarTableController.h */ = {isa = PBXFileReference; fileEncoding = 4; lastKnownFileType = sourcecode.c.h; path = WebinarTableController.h; sourceTree = "<group>"; };
		3A30DF2D1A977150000852CC /* WebinarTableController.m */ = {isa = PBXFileReference; fileEncoding = 4; lastKnownFileType = sourcecode.c.objc; path = WebinarTableController.m; sourceTree = "<group>"; };
		3A30DF2F1A97716C000852CC /* WebinarTableViewCell.h */ = {isa = PBXFileReference; fileEncoding = 4; lastKnownFileType = sourcecode.c.h; path = WebinarTableViewCell.h; sourceTree = "<group>"; };
		3A30DF301A97716C000852CC /* WebinarTableViewCell.m */ = {isa = PBXFileReference; fileEncoding = 4; lastKnownFileType = sourcecode.c.objc; path = WebinarTableViewCell.m; sourceTree = "<group>"; };
		3A3729341A948B0E00BAE19E /* EventTaskSelectorTableViewCell.h */ = {isa = PBXFileReference; fileEncoding = 4; lastKnownFileType = sourcecode.c.h; path = EventTaskSelectorTableViewCell.h; sourceTree = "<group>"; };
		3A3729351A948B0E00BAE19E /* EventTaskSelectorTableViewCell.m */ = {isa = PBXFileReference; fileEncoding = 4; lastKnownFileType = sourcecode.c.objc; path = EventTaskSelectorTableViewCell.m; sourceTree = "<group>"; };
		3A42B9091A9DBF0800A47E4D /* bird.png */ = {isa = PBXFileReference; lastKnownFileType = image.png; path = bird.png; sourceTree = "<group>"; };
		3A42B90B1A9DC78200A47E4D /* home.png */ = {isa = PBXFileReference; lastKnownFileType = image.png; path = home.png; sourceTree = "<group>"; };
		3A42B90D1A9E07EC00A47E4D /* Menu-32.png */ = {isa = PBXFileReference; lastKnownFileType = image.png; path = "Menu-32.png"; sourceTree = "<group>"; };
		3A42B90F1A9E086A00A47E4D /* Home-32.png */ = {isa = PBXFileReference; lastKnownFileType = image.png; path = "Home-32.png"; sourceTree = "<group>"; };
		3A42B9111A9E0B2800A47E4D /* Sign Up-32.png */ = {isa = PBXFileReference; lastKnownFileType = image.png; path = "Sign Up-32.png"; sourceTree = "<group>"; };
		3A42B9141A9E128600A47E4D /* CoreData.framework */ = {isa = PBXFileReference; lastKnownFileType = wrapper.framework; name = CoreData.framework; path = System/Library/Frameworks/CoreData.framework; sourceTree = SDKROOT; };
		3A42B9161A9E129D00A47E4D /* QuartzCore.framework */ = {isa = PBXFileReference; lastKnownFileType = wrapper.framework; name = QuartzCore.framework; path = System/Library/Frameworks/QuartzCore.framework; sourceTree = SDKROOT; };
		3A4E0CCD1A97880A007A1776 /* UniversalWebViewController.h */ = {isa = PBXFileReference; fileEncoding = 4; lastKnownFileType = sourcecode.c.h; path = UniversalWebViewController.h; sourceTree = "<group>"; };
		3A4E0CCE1A97880A007A1776 /* UniversalWebViewController.m */ = {isa = PBXFileReference; fileEncoding = 4; lastKnownFileType = sourcecode.c.objc; path = UniversalWebViewController.m; sourceTree = "<group>"; };
		3A63B93E1A95FD3A00DEC141 /* MapKit.framework */ = {isa = PBXFileReference; lastKnownFileType = wrapper.framework; name = MapKit.framework; path = System/Library/Frameworks/MapKit.framework; sourceTree = SDKROOT; };
		3A77BBA31A9B635A00FC8CB6 /* AboutUsController.h */ = {isa = PBXFileReference; fileEncoding = 4; lastKnownFileType = sourcecode.c.h; path = AboutUsController.h; sourceTree = "<group>"; };
		3A77BBA41A9B635A00FC8CB6 /* AboutUsController.m */ = {isa = PBXFileReference; fileEncoding = 4; lastKnownFileType = sourcecode.c.objc; path = AboutUsController.m; sourceTree = "<group>"; };
		3A77BBA71A9B6F2B00FC8CB6 /* ImpressumController.h */ = {isa = PBXFileReference; fileEncoding = 4; lastKnownFileType = sourcecode.c.h; path = ImpressumController.h; sourceTree = "<group>"; };
		3A77BBA81A9B6F2B00FC8CB6 /* ImpressumController.m */ = {isa = PBXFileReference; fileEncoding = 4; lastKnownFileType = sourcecode.c.objc; path = ImpressumController.m; sourceTree = "<group>"; };
		3A77BBAB1A9B710A00FC8CB6 /* NavigationController.h */ = {isa = PBXFileReference; fileEncoding = 4; lastKnownFileType = sourcecode.c.h; path = NavigationController.h; sourceTree = "<group>"; };
		3A77BBAC1A9B710A00FC8CB6 /* NavigationController.m */ = {isa = PBXFileReference; fileEncoding = 4; lastKnownFileType = sourcecode.c.objc; path = NavigationController.m; sourceTree = "<group>"; };
		3A7E45DA1A932E88001D9C39 /* AuditionSignInController.h */ = {isa = PBXFileReference; fileEncoding = 4; lastKnownFileType = sourcecode.c.h; path = AuditionSignInController.h; sourceTree = "<group>"; };
		3A7E45DB1A932E88001D9C39 /* AuditionSignInController.m */ = {isa = PBXFileReference; fileEncoding = 4; lastKnownFileType = sourcecode.c.objc; path = AuditionSignInController.m; sourceTree = "<group>"; };
		3A7E45E71A938869001D9C39 /* catia_screen_bird.png */ = {isa = PBXFileReference; lastKnownFileType = image.png; path = catia_screen_bird.png; sourceTree = "<group>"; };
		3A7E45E81A938869001D9C39 /* datasheet_bird.png */ = {isa = PBXFileReference; lastKnownFileType = image.png; path = datasheet_bird.png; sourceTree = "<group>"; };
		3A7E45EB1A938A95001D9C39 /* background_audition_bird.png */ = {isa = PBXFileReference; lastKnownFileType = image.png; path = background_audition_bird.png; sourceTree = "<group>"; };
		3A9B1CE81A9C6B4F003577C6 /* CoreLocation.framework */ = {isa = PBXFileReference; lastKnownFileType = wrapper.framework; name = CoreLocation.framework; path = System/Library/Frameworks/CoreLocation.framework; sourceTree = SDKROOT; };
		3A9B1CF31A9C7464003577C6 /* Base */ = {isa = PBXFileReference; lastKnownFileType = file.storyboard; name = Base; path = Base.lproj/encadApp.storyboard; sourceTree = "<group>"; };
		3A9B1CF91A9C790E003577C6 /* RouteTableViewCell.h */ = {isa = PBXFileReference; fileEncoding = 4; lastKnownFileType = sourcecode.c.h; path = RouteTableViewCell.h; sourceTree = "<group>"; };
		3A9B1CFA1A9C790E003577C6 /* RouteTableViewCell.m */ = {isa = PBXFileReference; fileEncoding = 4; lastKnownFileType = sourcecode.c.objc; path = RouteTableViewCell.m; sourceTree = "<group>"; };
		3A9B1CFC1A9C7D78003577C6 /* maps-icon.png */ = {isa = PBXFileReference; lastKnownFileType = image.png; name = "maps-icon.png"; path = "../../../../../Downloads/maps-icon.png"; sourceTree = "<group>"; };
		3A9B1CFE1A9C7DCA003577C6 /* RouteController.h */ = {isa = PBXFileReference; fileEncoding = 4; lastKnownFileType = sourcecode.c.h; path = RouteController.h; sourceTree = "<group>"; };
		3A9B1CFF1A9C7DCA003577C6 /* RouteController.m */ = {isa = PBXFileReference; fileEncoding = 4; lastKnownFileType = sourcecode.c.objc; path = RouteController.m; sourceTree = "<group>"; };
		3A9B1D041A9CA59C003577C6 /* layers_mid.png */ = {isa = PBXFileReference; lastKnownFileType = image.png; name = layers_mid.png; path = "../../Images/encadApp 2.0/layers_mid.png"; sourceTree = "<group>"; };
		3A9B1D0A1A9CB484003577C6 /* layers_top.png */ = {isa = PBXFileReference; lastKnownFileType = image.png; path = layers_top.png; sourceTree = "<group>"; };
		3A9B1D0C1A9CB4A1003577C6 /* layers_bot.png */ = {isa = PBXFileReference; lastKnownFileType = image.png; path = layers_bot.png; sourceTree = "<group>"; };
		3A9B1D0E1A9CBEEC003577C6 /* background_aboutus.png */ = {isa = PBXFileReference; lastKnownFileType = image.png; path = background_aboutus.png; sourceTree = "<group>"; };
		3A9B1D0F1A9CBEEC003577C6 /* background_impressum.png */ = {isa = PBXFileReference; lastKnownFileType = image.png; path = background_impressum.png; sourceTree = "<group>"; };
		3A9B1D101A9CBEEC003577C6 /* background_navigation.png */ = {isa = PBXFileReference; lastKnownFileType = image.png; path = background_navigation.png; sourceTree = "<group>"; };
		3A9B1D111A9CBEEC003577C6 /* background_support.png */ = {isa = PBXFileReference; lastKnownFileType = image.png; path = background_support.png; sourceTree = "<group>"; };
		3A9B1D161A9CC87F003577C6 /* background_webinar.png */ = {isa = PBXFileReference; lastKnownFileType = image.png; path = background_webinar.png; sourceTree = "<group>"; };
		3A9B1D171A9CC87F003577C6 /* webinar_bird.png */ = {isa = PBXFileReference; lastKnownFileType = image.png; path = webinar_bird.png; sourceTree = "<group>"; };
		3AB4DF141A8E217900190C95 /* AuditionTableViewCell.h */ = {isa = PBXFileReference; fileEncoding = 4; lastKnownFileType = sourcecode.c.h; path = AuditionTableViewCell.h; sourceTree = "<group>"; };
		3AB4DF151A8E217900190C95 /* AuditionTableViewCell.m */ = {isa = PBXFileReference; fileEncoding = 4; lastKnownFileType = sourcecode.c.objc; path = AuditionTableViewCell.m; sourceTree = "<group>"; };
		3AB4DF171A8E21D600190C95 /* AuditionTableController.h */ = {isa = PBXFileReference; fileEncoding = 4; lastKnownFileType = sourcecode.c.h; path = AuditionTableController.h; sourceTree = "<group>"; };
		3AB4DF181A8E21D600190C95 /* AuditionTableController.m */ = {isa = PBXFileReference; fileEncoding = 4; lastKnownFileType = sourcecode.c.objc; path = AuditionTableController.m; sourceTree = "<group>"; };
		3ABC6A7B1A9B7B9900EA9EE7 /* location_blue_32.png */ = {isa = PBXFileReference; lastKnownFileType = image.png; path = location_blue_32.png; sourceTree = "<group>"; };
		3ABC6A7F1A9B80B200EA9EE7 /* car_32.png */ = {isa = PBXFileReference; lastKnownFileType = image.png; path = car_32.png; sourceTree = "<group>"; };
		3ABC6A831A9B818300EA9EE7 /* bicycle_32.png */ = {isa = PBXFileReference; lastKnownFileType = image.png; path = bicycle_32.png; sourceTree = "<group>"; };
		3ABC6A891A9B820A00EA9EE7 /* walking_32.png */ = {isa = PBXFileReference; lastKnownFileType = image.png; path = walking_32.png; sourceTree = "<group>"; };
		3ABC6A8B1A9B825B00EA9EE7 /* GPS Receiving-32.png */ = {isa = PBXFileReference; lastKnownFileType = image.png; path = "GPS Receiving-32.png"; sourceTree = "<group>"; };
		3ACE57961A9620FA003E4E20 /* background_event_bird.png */ = {isa = PBXFileReference; lastKnownFileType = image.png; path = background_event_bird.png; sourceTree = "<group>"; };
		3ACE57981A962B8C003E4E20 /* Webinar.h */ = {isa = PBXFileReference; fileEncoding = 4; lastKnownFileType = sourcecode.c.h; path = Webinar.h; sourceTree = "<group>"; };
		3ACE57991A962B8C003E4E20 /* Webinar.m */ = {isa = PBXFileReference; fileEncoding = 4; lastKnownFileType = sourcecode.c.objc; path = Webinar.m; sourceTree = "<group>"; };
		3AE3E2891A9B195600477C27 /* HotlineController.h */ = {isa = PBXFileReference; fileEncoding = 4; lastKnownFileType = sourcecode.c.h; path = HotlineController.h; sourceTree = "<group>"; };
		3AE3E28A1A9B195600477C27 /* HotlineController.m */ = {isa = PBXFileReference; fileEncoding = 4; lastKnownFileType = sourcecode.c.objc; path = HotlineController.m; sourceTree = "<group>"; };
		3AF191A31A8E0936002D05B9 /* AuditionDatesController.h */ = {isa = PBXFileReference; fileEncoding = 4; lastKnownFileType = sourcecode.c.h; path = AuditionDatesController.h; sourceTree = "<group>"; };
		3AF191A41A8E0936002D05B9 /* AuditionDatesController.m */ = {isa = PBXFileReference; fileEncoding = 4; lastKnownFileType = sourcecode.c.objc; path = AuditionDatesController.m; sourceTree = "<group>"; };
/* End PBXFileReference section */

/* Begin PBXFrameworksBuildPhase section */
		3A026E571A8B427300CD0DD4 /* Frameworks */ = {
			isa = PBXFrameworksBuildPhase;
			buildActionMask = 2147483647;
			files = (
				3A42B9171A9E129D00A47E4D /* QuartzCore.framework in Frameworks */,
				3A42B9151A9E128600A47E4D /* CoreData.framework in Frameworks */,
				3A42B9131A9E127A00A47E4D /* CoreLocation.framework in Frameworks */,
				3A63B93F1A95FD3A00DEC141 /* MapKit.framework in Frameworks */,
			);
			runOnlyForDeploymentPostprocessing = 0;
		};
		3A026E731A8B427300CD0DD4 /* Frameworks */ = {
			isa = PBXFrameworksBuildPhase;
			buildActionMask = 2147483647;
			files = (
			);
			runOnlyForDeploymentPostprocessing = 0;
		};
/* End PBXFrameworksBuildPhase section */

/* Begin PBXGroup section */
		3A026E511A8B427300CD0DD4 = {
			isa = PBXGroup;
			children = (
				3A42B9161A9E129D00A47E4D /* QuartzCore.framework */,
				3A42B9141A9E128600A47E4D /* CoreData.framework */,
				3A9B1CE81A9C6B4F003577C6 /* CoreLocation.framework */,
				3A63B93E1A95FD3A00DEC141 /* MapKit.framework */,
				3A026E5C1A8B427300CD0DD4 /* encadApp */,
				3A026E791A8B427300CD0DD4 /* encadAppTests */,
				3A026E5B1A8B427300CD0DD4 /* Products */,
			);
			sourceTree = "<group>";
		};
		3A026E5B1A8B427300CD0DD4 /* Products */ = {
			isa = PBXGroup;
			children = (
				3A026E5A1A8B427300CD0DD4 /* encadApp.app */,
				3A026E761A8B427300CD0DD4 /* encadAppTests.xctest */,
			);
			name = Products;
			sourceTree = "<group>";
		};
		3A026E5C1A8B427300CD0DD4 /* encadApp */ = {
			isa = PBXGroup;
			children = (
				3AB4DF1F1A8E364500190C95 /* Extensions */,
				3A026E8E1A8B488E00CD0DD4 /* CoreData */,
				3A026E871A8B47C200CD0DD4 /* Views */,
				3A026E861A8B428F00CD0DD4 /* Controllers */,
				3A026E6D1A8B427300CD0DD4 /* Images.xcassets */,
				3A9B1CF21A9C7464003577C6 /* encadApp.storyboard */,
				3A026E6F1A8B427300CD0DD4 /* LaunchScreen.xib */,
				3A026E5D1A8B427300CD0DD4 /* Supporting Files */,
			);
			path = encadApp;
			sourceTree = "<group>";
		};
		3A026E5D1A8B427300CD0DD4 /* Supporting Files */ = {
			isa = PBXGroup;
			children = (
				3A026E9C1A8B586800CD0DD4 /* Images */,
				3A026E5E1A8B427300CD0DD4 /* Info.plist */,
				3A026E5F1A8B427300CD0DD4 /* main.m */,
			);
			name = "Supporting Files";
			sourceTree = "<group>";
		};
		3A026E791A8B427300CD0DD4 /* encadAppTests */ = {
			isa = PBXGroup;
			children = (
				3A026E7C1A8B427300CD0DD4 /* encadAppTests.m */,
				3A026E7A1A8B427300CD0DD4 /* Supporting Files */,
			);
			path = encadAppTests;
			sourceTree = "<group>";
		};
		3A026E7A1A8B427300CD0DD4 /* Supporting Files */ = {
			isa = PBXGroup;
			children = (
				3A026E7B1A8B427300CD0DD4 /* Info.plist */,
			);
			name = "Supporting Files";
			sourceTree = "<group>";
		};
		3A026E861A8B428F00CD0DD4 /* Controllers */ = {
			isa = PBXGroup;
			children = (
				3A026E611A8B427300CD0DD4 /* AppDelegate.h */,
				3A026E621A8B427300CD0DD4 /* AppDelegate.m */,
				3A4E0CCD1A97880A007A1776 /* UniversalWebViewController.h */,
				3A4E0CCE1A97880A007A1776 /* UniversalWebViewController.m */,
				3A026E991A8B4D5C00CD0DD4 /* HomeScreenTable.h */,
				3A026E9A1A8B4D5C00CD0DD4 /* HomeScreenTable.m */,
				3A2C23171A94BD1600522EB5 /* PDFController.h */,
				3A2C23181A94BD1600522EB5 /* PDFController.m */,
				3A77BBAA1A9B70EB00FC8CB6 /* NavigationControllers */,
				3A77BBA61A9B6F1400FC8CB6 /* ImpressumControllers */,
				3A77BBA21A9B633C00FC8CB6 /* AboutUsControllers */,
				3AE3E2881A9B192000477C27 /* HotlineControllers */,
				3A37292F1A9489BE00BAE19E /* EventControllers */,
				3A7E45E51A9385CE001D9C39 /* AuditionControllers */,
			);
			name = Controllers;
			sourceTree = "<group>";
		};
		3A026E871A8B47C200CD0DD4 /* Views */ = {
			isa = PBXGroup;
			children = (
				3A9B1CF81A9C78F5003577C6 /* NavigationViews */,
				3A3729331A948AF100BAE19E /* EventViews */,
				3A7E45E61A938645001D9C39 /* AuditionViews */,
				3A026EA31A8B666700CD0DD4 /* HomeScreenTableViewCell.h */,
				3A026EA41A8B666700CD0DD4 /* HomeScreenTableViewCell.m */,
			);
			name = Views;
			sourceTree = "<group>";
		};
		3A026E8E1A8B488E00CD0DD4 /* CoreData */ = {
			isa = PBXGroup;
			children = (
				3A026E941A8B493D00CD0DD4 /* Model.xcdatamodeld */,
				3ACE57981A962B8C003E4E20 /* Webinar.h */,
				3ACE57991A962B8C003E4E20 /* Webinar.m */,
				3A2E22941A8D0BC200E1AB2A /* Veranstaltung.h */,
				3A2E22951A8D0BC200E1AB2A /* Veranstaltung.m */,
				3A2E228E1A8D0BC200E1AB2A /* Schulung.h */,
				3A2E228F1A8D0BC200E1AB2A /* Schulung.m */,
				3A2E228B1A8D0BC100E1AB2A /* Schulungstermin.h */,
				3A2E228C1A8D0BC100E1AB2A /* Schulungstermin.m */,
			);
			name = CoreData;
			sourceTree = "<group>";
		};
		3A026E9C1A8B586800CD0DD4 /* Images */ = {
			isa = PBXGroup;
			children = (
				3A42B9111A9E0B2800A47E4D /* Sign Up-32.png */,
				3A42B90F1A9E086A00A47E4D /* Home-32.png */,
				3A42B90D1A9E07EC00A47E4D /* Menu-32.png */,
				3A42B90B1A9DC78200A47E4D /* home.png */,
				3A42B9091A9DBF0800A47E4D /* bird.png */,
				3A9B1D161A9CC87F003577C6 /* background_webinar.png */,
				3A9B1D171A9CC87F003577C6 /* webinar_bird.png */,
				3A9B1D0E1A9CBEEC003577C6 /* background_aboutus.png */,
				3A9B1D0F1A9CBEEC003577C6 /* background_impressum.png */,
				3A9B1D101A9CBEEC003577C6 /* background_navigation.png */,
				3A9B1D111A9CBEEC003577C6 /* background_support.png */,
				3A9B1D0C1A9CB4A1003577C6 /* layers_bot.png */,
				3A9B1D0A1A9CB484003577C6 /* layers_top.png */,
				3A9B1D041A9CA59C003577C6 /* layers_mid.png */,
				3A9B1CFC1A9C7D78003577C6 /* maps-icon.png */,
				3ABC6A8B1A9B825B00EA9EE7 /* GPS Receiving-32.png */,
				3ABC6A891A9B820A00EA9EE7 /* walking_32.png */,
				3ABC6A831A9B818300EA9EE7 /* bicycle_32.png */,
				3ABC6A7F1A9B80B200EA9EE7 /* car_32.png */,
				3ABC6A7B1A9B7B9900EA9EE7 /* location_blue_32.png */,
				3ACE57961A9620FA003E4E20 /* background_event_bird.png */,
				3A7E45EB1A938A95001D9C39 /* background_audition_bird.png */,
				3A7E45E71A938869001D9C39 /* catia_screen_bird.png */,
				3A7E45E81A938869001D9C39 /* datasheet_bird.png */,
				3A2E22651A8CF23100E1AB2A /* datasheet.png */,
				3A2E225D1A8CEFDC00E1AB2A /* background_blue_alpha.png */,
				3A2E225E1A8CEFDC00E1AB2A /* background_blue_stripes.png */,
				3A2E225B1A8CEBA100E1AB2A /* catia_screen.png */,
				3A2E22591A8CE72D00E1AB2A /* engine.png */,
				3A2E22571A8CE69300E1AB2A /* engineering.png */,
				3A2E22631A8CF1E400E1AB2A /* model_bike.png */,
				3A2E22511A8CE42200E1AB2A /* background_blue_grid.png */,
				3A2E224F1A8CDEDA00E1AB2A /* background_blue.png */,
				3A026EBA1A8B9A4000CD0DD4 /* impressum_bird.png */,
				3A026EB81A8B979400CD0DD4 /* gps_bird.png */,
				3A026EB41A8B961400CD0DD4 /* aboutus_bird.png */,
				3A026EB01A8B92CF00CD0DD4 /* support_bird.png */,
				3A026EAE1A8B8EE300CD0DD4 /* event_bird.png */,
				3A026EAC1A8B836200CD0DD4 /* audit_bird.png */,
			);
			name = Images;
			sourceTree = "<group>";
		};
		3A37292F1A9489BE00BAE19E /* EventControllers */ = {
			isa = PBXGroup;
			children = (
				3A30DF2C1A977150000852CC /* WebinarTableController.h */,
				3A30DF2D1A977150000852CC /* WebinarTableController.m */,
				3A2C23111A94956900522EB5 /* EventTableController.h */,
				3A2C23121A94956900522EB5 /* EventTableController.m */,
				3A2C231A1A94CB5000522EB5 /* EventSignInController.h */,
				3A2C231B1A94CB5000522EB5 /* EventSignInController.m */,
			);
			name = EventControllers;
			sourceTree = "<group>";
		};
		3A3729331A948AF100BAE19E /* EventViews */ = {
			isa = PBXGroup;
			children = (
				3A3729341A948B0E00BAE19E /* EventTaskSelectorTableViewCell.h */,
				3A3729351A948B0E00BAE19E /* EventTaskSelectorTableViewCell.m */,
				3A2C23141A949DC400522EB5 /* EventTableViewCell.h */,
				3A2C23151A949DC400522EB5 /* EventTableViewCell.m */,
				3A30DF2F1A97716C000852CC /* WebinarTableViewCell.h */,
				3A30DF301A97716C000852CC /* WebinarTableViewCell.m */,
			);
			name = EventViews;
			sourceTree = "<group>";
		};
		3A77BBA21A9B633C00FC8CB6 /* AboutUsControllers */ = {
			isa = PBXGroup;
			children = (
				3A77BBA31A9B635A00FC8CB6 /* AboutUsController.h */,
				3A77BBA41A9B635A00FC8CB6 /* AboutUsController.m */,
			);
			name = AboutUsControllers;
			sourceTree = "<group>";
		};
		3A77BBA61A9B6F1400FC8CB6 /* ImpressumControllers */ = {
			isa = PBXGroup;
			children = (
				3A77BBA71A9B6F2B00FC8CB6 /* ImpressumController.h */,
				3A77BBA81A9B6F2B00FC8CB6 /* ImpressumController.m */,
			);
			name = ImpressumControllers;
			sourceTree = "<group>";
		};
		3A77BBAA1A9B70EB00FC8CB6 /* NavigationControllers */ = {
			isa = PBXGroup;
			children = (
				3A77BBAB1A9B710A00FC8CB6 /* NavigationController.h */,
				3A77BBAC1A9B710A00FC8CB6 /* NavigationController.m */,
				3A9B1CFE1A9C7DCA003577C6 /* RouteController.h */,
				3A9B1CFF1A9C7DCA003577C6 /* RouteController.m */,
			);
			name = NavigationControllers;
			sourceTree = "<group>";
		};
		3A7E45E51A9385CE001D9C39 /* AuditionControllers */ = {
			isa = PBXGroup;
			children = (
				3A2E223F1A8CCEA300E1AB2A /* AuditionTaskSelectorTable.h */,
				3A2E22401A8CCEA300E1AB2A /* AuditionTaskSelectorTable.m */,
				3AF191A31A8E0936002D05B9 /* AuditionDatesController.h */,
				3AF191A41A8E0936002D05B9 /* AuditionDatesController.m */,
				3AB4DF171A8E21D600190C95 /* AuditionTableController.h */,
				3AB4DF181A8E21D600190C95 /* AuditionTableController.m */,
				3A7E45DA1A932E88001D9C39 /* AuditionSignInController.h */,
				3A7E45DB1A932E88001D9C39 /* AuditionSignInController.m */,
			);
			name = AuditionControllers;
			sourceTree = "<group>";
		};
		3A7E45E61A938645001D9C39 /* AuditionViews */ = {
			isa = PBXGroup;
			children = (
				3A2E22421A8CCEEF00E1AB2A /* AudtionTaskTableViewCell.h */,
				3A2E22431A8CCEEF00E1AB2A /* AudtionTaskTableViewCell.m */,
				3A2E226A1A8CF30A00E1AB2A /* AuditionDateTableViewCell.h */,
				3A2E226B1A8CF30A00E1AB2A /* AuditionDateTableViewCell.m */,
				3AB4DF141A8E217900190C95 /* AuditionTableViewCell.h */,
				3AB4DF151A8E217900190C95 /* AuditionTableViewCell.m */,
			);
			name = AuditionViews;
			sourceTree = "<group>";
		};
		3A9B1CF81A9C78F5003577C6 /* NavigationViews */ = {
			isa = PBXGroup;
			children = (
				3A9B1CF91A9C790E003577C6 /* RouteTableViewCell.h */,
				3A9B1CFA1A9C790E003577C6 /* RouteTableViewCell.m */,
			);
			name = NavigationViews;
			sourceTree = "<group>";
		};
		3AB4DF1F1A8E364500190C95 /* Extensions */ = {
			isa = PBXGroup;
			children = (
			);
			name = Extensions;
			sourceTree = "<group>";
		};
		3AE3E2881A9B192000477C27 /* HotlineControllers */ = {
			isa = PBXGroup;
			children = (
				3AE3E2891A9B195600477C27 /* HotlineController.h */,
				3AE3E28A1A9B195600477C27 /* HotlineController.m */,
			);
			name = HotlineControllers;
			sourceTree = "<group>";
		};
/* End PBXGroup section */

/* Begin PBXNativeTarget section */
		3A026E591A8B427300CD0DD4 /* encadApp */ = {
			isa = PBXNativeTarget;
			buildConfigurationList = 3A026E801A8B427300CD0DD4 /* Build configuration list for PBXNativeTarget "encadApp" */;
			buildPhases = (
				3A026E561A8B427300CD0DD4 /* Sources */,
				3A026E571A8B427300CD0DD4 /* Frameworks */,
				3A026E581A8B427300CD0DD4 /* Resources */,
			);
			buildRules = (
			);
			dependencies = (
			);
			name = encadApp;
			productName = encadApp;
			productReference = 3A026E5A1A8B427300CD0DD4 /* encadApp.app */;
			productType = "com.apple.product-type.application";
		};
		3A026E751A8B427300CD0DD4 /* encadAppTests */ = {
			isa = PBXNativeTarget;
			buildConfigurationList = 3A026E831A8B427300CD0DD4 /* Build configuration list for PBXNativeTarget "encadAppTests" */;
			buildPhases = (
				3A026E721A8B427300CD0DD4 /* Sources */,
				3A026E731A8B427300CD0DD4 /* Frameworks */,
				3A026E741A8B427300CD0DD4 /* Resources */,
			);
			buildRules = (
			);
			dependencies = (
				3A026E781A8B427300CD0DD4 /* PBXTargetDependency */,
			);
			name = encadAppTests;
			productName = encadAppTests;
			productReference = 3A026E761A8B427300CD0DD4 /* encadAppTests.xctest */;
			productType = "com.apple.product-type.bundle.unit-test";
		};
/* End PBXNativeTarget section */

/* Begin PBXProject section */
		3A026E521A8B427300CD0DD4 /* Project object */ = {
			isa = PBXProject;
			attributes = {
				LastUpgradeCheck = 0610;
				ORGANIZATIONNAME = "Bernd Fecht (encad-consulting.de)";
				TargetAttributes = {
					3A026E591A8B427300CD0DD4 = {
						CreatedOnToolsVersion = 6.1.1;
						DevelopmentTeam = 8KF8QNG45P;
						SystemCapabilities = {
							com.apple.Maps.iOS = {
								enabled = 1;
							};
						};
					};
					3A026E751A8B427300CD0DD4 = {
						CreatedOnToolsVersion = 6.1.1;
						TestTargetID = 3A026E591A8B427300CD0DD4;
					};
				};
			};
			buildConfigurationList = 3A026E551A8B427300CD0DD4 /* Build configuration list for PBXProject "encadApp" */;
			compatibilityVersion = "Xcode 3.2";
			developmentRegion = English;
			hasScannedForEncodings = 0;
			knownRegions = (
				en,
				Base,
			);
			mainGroup = 3A026E511A8B427300CD0DD4;
			productRefGroup = 3A026E5B1A8B427300CD0DD4 /* Products */;
			projectDirPath = "";
			projectRoot = "";
			targets = (
				3A026E591A8B427300CD0DD4 /* encadApp */,
				3A026E751A8B427300CD0DD4 /* encadAppTests */,
			);
		};
/* End PBXProject section */

/* Begin PBXResourcesBuildPhase section */
		3A026E581A8B427300CD0DD4 /* Resources */ = {
			isa = PBXResourcesBuildPhase;
			buildActionMask = 2147483647;
			files = (
				3ABC6A8C1A9B825B00EA9EE7 /* GPS Receiving-32.png in Resources */,
				3A026EBB1A8B9A4000CD0DD4 /* impressum_bird.png in Resources */,
				3A2E22581A8CE69300E1AB2A /* engineering.png in Resources */,
				3A026EAF1A8B8EE300CD0DD4 /* event_bird.png in Resources */,
				3A2E225A1A8CE72D00E1AB2A /* engine.png in Resources */,
				3A42B9121A9E0B2800A47E4D /* Sign Up-32.png in Resources */,
				3ABC6A8A1A9B820A00EA9EE7 /* walking_32.png in Resources */,
				3A2E22501A8CDEDA00E1AB2A /* background_blue.png in Resources */,
				3A2E22641A8CF1E400E1AB2A /* model_bike.png in Resources */,
				3A2E22521A8CE42200E1AB2A /* background_blue_grid.png in Resources */,
				3A9B1D071A9CA59C003577C6 /* layers_mid.png in Resources */,
				3A42B9101A9E086A00A47E4D /* Home-32.png in Resources */,
				3A026EB91A8B979400CD0DD4 /* gps_bird.png in Resources */,
				3A9B1D191A9CC87F003577C6 /* webinar_bird.png in Resources */,
				3A42B90A1A9DBF0800A47E4D /* bird.png in Resources */,
				3A42B90E1A9E07EC00A47E4D /* Menu-32.png in Resources */,
				3A9B1D121A9CBEEC003577C6 /* background_aboutus.png in Resources */,
				3A7E45EA1A938869001D9C39 /* datasheet_bird.png in Resources */,
				3A2E225F1A8CEFDC00E1AB2A /* background_blue_alpha.png in Resources */,
				3A2E22661A8CF23100E1AB2A /* datasheet.png in Resources */,
				3ACE57971A9620FA003E4E20 /* background_event_bird.png in Resources */,
				3A026EB51A8B961400CD0DD4 /* aboutus_bird.png in Resources */,
				3A9B1D151A9CBEEC003577C6 /* background_support.png in Resources */,
				3A2E225C1A8CEBA100E1AB2A /* catia_screen.png in Resources */,
				3A7E45E91A938869001D9C39 /* catia_screen_bird.png in Resources */,
				3A026EB11A8B92CF00CD0DD4 /* support_bird.png in Resources */,
				3A42B90C1A9DC78200A47E4D /* home.png in Resources */,
				3A2E22601A8CEFDC00E1AB2A /* background_blue_stripes.png in Resources */,
				3A026EAD1A8B836200CD0DD4 /* audit_bird.png in Resources */,
				3A9B1CFD1A9C7D78003577C6 /* maps-icon.png in Resources */,
				3A7E45EC1A938A95001D9C39 /* background_audition_bird.png in Resources */,
				3A026E711A8B427300CD0DD4 /* LaunchScreen.xib in Resources */,
				3A9B1D0D1A9CB4A1003577C6 /* layers_bot.png in Resources */,
				3ABC6A841A9B818300EA9EE7 /* bicycle_32.png in Resources */,
				3A9B1D181A9CC87F003577C6 /* background_webinar.png in Resources */,
				3A9B1CF41A9C7464003577C6 /* encadApp.storyboard in Resources */,
				3ABC6A7C1A9B7B9900EA9EE7 /* location_blue_32.png in Resources */,
				3A026E6E1A8B427300CD0DD4 /* Images.xcassets in Resources */,
				3ABC6A801A9B80B200EA9EE7 /* car_32.png in Resources */,
				3A9B1D131A9CBEEC003577C6 /* background_impressum.png in Resources */,
				3A9B1D0B1A9CB484003577C6 /* layers_top.png in Resources */,
				3A9B1D141A9CBEEC003577C6 /* background_navigation.png in Resources */,
			);
			runOnlyForDeploymentPostprocessing = 0;
		};
		3A026E741A8B427300CD0DD4 /* Resources */ = {
			isa = PBXResourcesBuildPhase;
			buildActionMask = 2147483647;
			files = (
			);
			runOnlyForDeploymentPostprocessing = 0;
		};
/* End PBXResourcesBuildPhase section */

/* Begin PBXSourcesBuildPhase section */
		3A026E561A8B427300CD0DD4 /* Sources */ = {
			isa = PBXSourcesBuildPhase;
			buildActionMask = 2147483647;
			files = (
				3A4E0CCF1A97880A007A1776 /* UniversalWebViewController.m in Sources */,
				3A3729361A948B0E00BAE19E /* EventTaskSelectorTableViewCell.m in Sources */,
				3A2C231C1A94CB5000522EB5 /* EventSignInController.m in Sources */,
				3A2E22901A8D0BC200E1AB2A /* Schulung.m in Sources */,
				3AB4DF191A8E21D600190C95 /* AuditionTableController.m in Sources */,
				3A30DF2E1A977150000852CC /* WebinarTableController.m in Sources */,
				3A026E631A8B427300CD0DD4 /* AppDelegate.m in Sources */,
				3A2E22411A8CCEA300E1AB2A /* AuditionTaskSelectorTable.m in Sources */,
				3A026E601A8B427300CD0DD4 /* main.m in Sources */,
				3A026EA51A8B666700CD0DD4 /* HomeScreenTableViewCell.m in Sources */,
				3A2E226C1A8CF30A00E1AB2A /* AuditionDateTableViewCell.m in Sources */,
				3A7E45DC1A932E88001D9C39 /* AuditionSignInController.m in Sources */,
				3A30DF311A97716C000852CC /* WebinarTableViewCell.m in Sources */,
				3A9B1CFB1A9C790E003577C6 /* RouteTableViewCell.m in Sources */,
				3A77BBAD1A9B710A00FC8CB6 /* NavigationController.m in Sources */,
				3A77BBA51A9B635A00FC8CB6 /* AboutUsController.m in Sources */,
				3A77BBA91A9B6F2B00FC8CB6 /* ImpressumController.m in Sources */,
				3A2E22961A8D0BC200E1AB2A /* Veranstaltung.m in Sources */,
				3AE3E28B1A9B195600477C27 /* HotlineController.m in Sources */,
				3A026E9B1A8B4D5C00CD0DD4 /* HomeScreenTable.m in Sources */,
				3A026E961A8B493D00CD0DD4 /* Model.xcdatamodeld in Sources */,
				3A2C23161A949DC400522EB5 /* EventTableViewCell.m in Sources */,
				3A2C23191A94BD1600522EB5 /* PDFController.m in Sources */,
				3A2E22441A8CCEEF00E1AB2A /* AudtionTaskTableViewCell.m in Sources */,
				3AF191A51A8E0936002D05B9 /* AuditionDatesController.m in Sources */,
				3AB4DF161A8E217900190C95 /* AuditionTableViewCell.m in Sources */,
				3A2E228D1A8D0BC100E1AB2A /* Schulungstermin.m in Sources */,
				3A9B1D001A9C7DCA003577C6 /* RouteController.m in Sources */,
				3ACE579A1A962B8C003E4E20 /* Webinar.m in Sources */,
				3A2C23131A94956900522EB5 /* EventTableController.m in Sources */,
			);
			runOnlyForDeploymentPostprocessing = 0;
		};
		3A026E721A8B427300CD0DD4 /* Sources */ = {
			isa = PBXSourcesBuildPhase;
			buildActionMask = 2147483647;
			files = (
				3A026E7D1A8B427300CD0DD4 /* encadAppTests.m in Sources */,
			);
			runOnlyForDeploymentPostprocessing = 0;
		};
/* End PBXSourcesBuildPhase section */

/* Begin PBXTargetDependency section */
		3A026E781A8B427300CD0DD4 /* PBXTargetDependency */ = {
			isa = PBXTargetDependency;
			target = 3A026E591A8B427300CD0DD4 /* encadApp */;
			targetProxy = 3A026E771A8B427300CD0DD4 /* PBXContainerItemProxy */;
		};
/* End PBXTargetDependency section */

/* Begin PBXVariantGroup section */
		3A026E6F1A8B427300CD0DD4 /* LaunchScreen.xib */ = {
			isa = PBXVariantGroup;
			children = (
				3A026E701A8B427300CD0DD4 /* Base */,
			);
			name = LaunchScreen.xib;
			sourceTree = "<group>";
		};
		3A9B1CF21A9C7464003577C6 /* encadApp.storyboard */ = {
			isa = PBXVariantGroup;
			children = (
				3A9B1CF31A9C7464003577C6 /* Base */,
			);
			name = encadApp.storyboard;
			sourceTree = "<group>";
		};
/* End PBXVariantGroup section */

/* Begin XCBuildConfiguration section */
		3A026E7E1A8B427300CD0DD4 /* Debug */ = {
			isa = XCBuildConfiguration;
			buildSettings = {
				ALWAYS_SEARCH_USER_PATHS = NO;
				CLANG_CXX_LANGUAGE_STANDARD = "gnu++0x";
				CLANG_CXX_LIBRARY = "libc++";
				CLANG_ENABLE_MODULES = YES;
				CLANG_ENABLE_OBJC_ARC = YES;
				CLANG_WARN_BOOL_CONVERSION = YES;
				CLANG_WARN_CONSTANT_CONVERSION = YES;
				CLANG_WARN_DIRECT_OBJC_ISA_USAGE = YES_ERROR;
				CLANG_WARN_EMPTY_BODY = YES;
				CLANG_WARN_ENUM_CONVERSION = YES;
				CLANG_WARN_INT_CONVERSION = YES;
				CLANG_WARN_OBJC_ROOT_CLASS = YES_ERROR;
				CLANG_WARN_UNREACHABLE_CODE = YES;
				CLANG_WARN__DUPLICATE_METHOD_MATCH = YES;
				"CODE_SIGN_IDENTITY[sdk=iphoneos*]" = "iPhone Developer";
				COPY_PHASE_STRIP = NO;
				ENABLE_STRICT_OBJC_MSGSEND = YES;
				GCC_C_LANGUAGE_STANDARD = gnu99;
				GCC_DYNAMIC_NO_PIC = NO;
				GCC_OPTIMIZATION_LEVEL = 0;
				GCC_PREPROCESSOR_DEFINITIONS = (
					"DEBUG=1",
					"$(inherited)",
				);
				GCC_SYMBOLS_PRIVATE_EXTERN = NO;
				GCC_WARN_64_TO_32_BIT_CONVERSION = YES;
				GCC_WARN_ABOUT_RETURN_TYPE = YES_ERROR;
				GCC_WARN_UNDECLARED_SELECTOR = YES;
				GCC_WARN_UNINITIALIZED_AUTOS = YES_AGGRESSIVE;
				GCC_WARN_UNUSED_FUNCTION = YES;
				GCC_WARN_UNUSED_VARIABLE = YES;
				IPHONEOS_DEPLOYMENT_TARGET = 8.1;
				MTL_ENABLE_DEBUG_INFO = YES;
				ONLY_ACTIVE_ARCH = YES;
				SDKROOT = iphoneos;
				TARGETED_DEVICE_FAMILY = "1,2";
			};
			name = Debug;
		};
		3A026E7F1A8B427300CD0DD4 /* Release */ = {
			isa = XCBuildConfiguration;
			buildSettings = {
				ALWAYS_SEARCH_USER_PATHS = NO;
				CLANG_CXX_LANGUAGE_STANDARD = "gnu++0x";
				CLANG_CXX_LIBRARY = "libc++";
				CLANG_ENABLE_MODULES = YES;
				CLANG_ENABLE_OBJC_ARC = YES;
				CLANG_WARN_BOOL_CONVERSION = YES;
				CLANG_WARN_CONSTANT_CONVERSION = YES;
				CLANG_WARN_DIRECT_OBJC_ISA_USAGE = YES_ERROR;
				CLANG_WARN_EMPTY_BODY = YES;
				CLANG_WARN_ENUM_CONVERSION = YES;
				CLANG_WARN_INT_CONVERSION = YES;
				CLANG_WARN_OBJC_ROOT_CLASS = YES_ERROR;
				CLANG_WARN_UNREACHABLE_CODE = YES;
				CLANG_WARN__DUPLICATE_METHOD_MATCH = YES;
				"CODE_SIGN_IDENTITY[sdk=iphoneos*]" = "iPhone Developer";
				COPY_PHASE_STRIP = YES;
				ENABLE_NS_ASSERTIONS = NO;
				ENABLE_STRICT_OBJC_MSGSEND = YES;
				GCC_C_LANGUAGE_STANDARD = gnu99;
				GCC_WARN_64_TO_32_BIT_CONVERSION = YES;
				GCC_WARN_ABOUT_RETURN_TYPE = YES_ERROR;
				GCC_WARN_UNDECLARED_SELECTOR = YES;
				GCC_WARN_UNINITIALIZED_AUTOS = YES_AGGRESSIVE;
				GCC_WARN_UNUSED_FUNCTION = YES;
				GCC_WARN_UNUSED_VARIABLE = YES;
				IPHONEOS_DEPLOYMENT_TARGET = 8.1;
				MTL_ENABLE_DEBUG_INFO = NO;
				SDKROOT = iphoneos;
				TARGETED_DEVICE_FAMILY = "1,2";
				VALIDATE_PRODUCT = YES;
			};
			name = Release;
		};
		3A026E811A8B427300CD0DD4 /* Debug */ = {
			isa = XCBuildConfiguration;
			buildSettings = {
				ASSETCATALOG_COMPILER_APPICON_NAME = AppIcon;
				CODE_SIGN_IDENTITY = "iPhone Developer";
				INFOPLIST_FILE = encadApp/Info.plist;
				IPHONEOS_DEPLOYMENT_TARGET = 7.1;
				LD_RUNPATH_SEARCH_PATHS = "$(inherited) @executable_path/Frameworks";
				PRODUCT_NAME = "$(TARGET_NAME)";
			};
			name = Debug;
		};
		3A026E821A8B427300CD0DD4 /* Release */ = {
			isa = XCBuildConfiguration;
			buildSettings = {
				ASSETCATALOG_COMPILER_APPICON_NAME = AppIcon;
				CODE_SIGN_IDENTITY = "iPhone Developer";
				INFOPLIST_FILE = encadApp/Info.plist;
				IPHONEOS_DEPLOYMENT_TARGET = 7.1;
				LD_RUNPATH_SEARCH_PATHS = "$(inherited) @executable_path/Frameworks";
				PRODUCT_NAME = "$(TARGET_NAME)";
			};
			name = Release;
		};
		3A026E841A8B427300CD0DD4 /* Debug */ = {
			isa = XCBuildConfiguration;
			buildSettings = {
				BUNDLE_LOADER = "$(TEST_HOST)";
				FRAMEWORK_SEARCH_PATHS = (
					"$(SDKROOT)/Developer/Library/Frameworks",
					"$(inherited)",
				);
				GCC_PREPROCESSOR_DEFINITIONS = (
					"DEBUG=1",
					"$(inherited)",
				);
				INFOPLIST_FILE = encadAppTests/Info.plist;
				LD_RUNPATH_SEARCH_PATHS = "$(inherited) @executable_path/Frameworks @loader_path/Frameworks";
				PRODUCT_NAME = "$(TARGET_NAME)";
				TEST_HOST = "$(BUILT_PRODUCTS_DIR)/encadApp.app/encadApp";
			};
			name = Debug;
		};
		3A026E851A8B427300CD0DD4 /* Release */ = {
			isa = XCBuildConfiguration;
			buildSettings = {
				BUNDLE_LOADER = "$(TEST_HOST)";
				FRAMEWORK_SEARCH_PATHS = (
					"$(SDKROOT)/Developer/Library/Frameworks",
					"$(inherited)",
				);
				INFOPLIST_FILE = encadAppTests/Info.plist;
				LD_RUNPATH_SEARCH_PATHS = "$(inherited) @executable_path/Frameworks @loader_path/Frameworks";
				PRODUCT_NAME = "$(TARGET_NAME)";
				TEST_HOST = "$(BUILT_PRODUCTS_DIR)/encadApp.app/encadApp";
			};
			name = Release;
		};
/* End XCBuildConfiguration section */

/* Begin XCConfigurationList section */
		3A026E551A8B427300CD0DD4 /* Build configuration list for PBXProject "encadApp" */ = {
			isa = XCConfigurationList;
			buildConfigurations = (
				3A026E7E1A8B427300CD0DD4 /* Debug */,
				3A026E7F1A8B427300CD0DD4 /* Release */,
			);
			defaultConfigurationIsVisible = 0;
			defaultConfigurationName = Release;
		};
		3A026E801A8B427300CD0DD4 /* Build configuration list for PBXNativeTarget "encadApp" */ = {
			isa = XCConfigurationList;
			buildConfigurations = (
				3A026E811A8B427300CD0DD4 /* Debug */,
				3A026E821A8B427300CD0DD4 /* Release */,
			);
			defaultConfigurationIsVisible = 0;
			defaultConfigurationName = Release;
		};
		3A026E831A8B427300CD0DD4 /* Build configuration list for PBXNativeTarget "encadAppTests" */ = {
			isa = XCConfigurationList;
			buildConfigurations = (
				3A026E841A8B427300CD0DD4 /* Debug */,
				3A026E851A8B427300CD0DD4 /* Release */,
			);
			defaultConfigurationIsVisible = 0;
			defaultConfigurationName = Release;
		};
/* End XCConfigurationList section */

/* Begin XCVersionGroup section */
		3A026E941A8B493D00CD0DD4 /* Model.xcdatamodeld */ = {
			isa = XCVersionGroup;
			children = (
				3A026E951A8B493D00CD0DD4 /* Model.xcdatamodel */,
			);
			currentVersion = 3A026E951A8B493D00CD0DD4 /* Model.xcdatamodel */;
			path = Model.xcdatamodeld;
			sourceTree = "<group>";
			versionGroupType = wrapper.xcdatamodel;
		};
/* End XCVersionGroup section */
	};
	rootObject = 3A026E521A8B427300CD0DD4 /* Project object */;
}
